
Microsoft Visual Studio Solution File, Format Version 12.00
# Visual Studio Version 17
VisualStudioVersion = 17.9.34622.214
MinimumVisualStudioVersion = 10.0.40219.1
Project("{FAE04EC0-301F-11D3-BF4B-00C04F79EFBC}") = "PruebaApp.Server", "PruebaApp.Server\PruebaApp.Server.csproj", "{77903C81-0A33-4871-938E-A96CBD0827E7}"
EndProject
Project("{54A90642-561A-4BB1-A94E-469ADEE60C69}") = "pruebaapp.client", "pruebaapp.client\pruebaapp.client.esproj", "{BFADC1AC-8476-46C8-B662-201CFFC5B8BB}"
EndProject
Global
	GlobalSection(SolutionConfigurationPlatforms) = preSolution
		Debug|Any CPU = Debug|Any CPU
		Release|Any CPU = Release|Any CPU
	EndGlobalSection
	GlobalSection(ProjectConfigurationPlatforms) = postSolution
		{77903C81-0A33-4871-938E-A96CBD0827E7}.Debug|Any CPU.ActiveCfg = Debug|Any CPU
		{77903C81-0A33-4871-938E-A96CBD0827E7}.Debug|Any CPU.Build.0 = Debug|Any CPU
		{77903C81-0A33-4871-938E-A96CBD0827E7}.Release|Any CPU.ActiveCfg = Release|Any CPU
		{77903C81-0A33-4871-938E-A96CBD0827E7}.Release|Any CPU.Build.0 = Release|Any CPU
		{BFADC1AC-8476-46C8-B662-201CFFC5B8BB}.Debug|Any CPU.ActiveCfg = Debug|Any CPU
		{BFADC1AC-8476-46C8-B662-201CFFC5B8BB}.Debug|Any CPU.Build.0 = Debug|Any CPU
		{BFADC1AC-8476-46C8-B662-201CFFC5B8BB}.Debug|Any CPU.Deploy.0 = Debug|Any CPU
		{BFADC1AC-8476-46C8-B662-201CFFC5B8BB}.Release|Any CPU.ActiveCfg = Release|Any CPU
		{BFADC1AC-8476-46C8-B662-201CFFC5B8BB}.Release|Any CPU.Build.0 = Release|Any CPU
		{BFADC1AC-8476-46C8-B662-201CFFC5B8BB}.Release|Any CPU.Deploy.0 = Release|Any CPU
	EndGlobalSection
	GlobalSection(SolutionProperties) = preSolution
		HideSolutionNode = FALSE
	EndGlobalSection
	GlobalSection(ExtensibilityGlobals) = postSolution
		SolutionGuid = {79E9DE41-3A2B-4614-8C58-10BCF44BA83A}
	EndGlobalSection
EndGlobal
